
Microsoft Visual Studio Solution File, Format Version 12.00
# Visual Studio Version 17
VisualStudioVersion = 17.5.33627.172
MinimumVisualStudioVersion = 10.0.40219.1
Project("{FAE04EC0-301F-11D3-BF4B-00C04F79EFBC}") = "Learn_CSharp_EFCore_PointOfSaleSystem", "Learn_CSharp_EFCore_PointOfSaleSystem\Learn_CSharp_EFCore_PointOfSaleSystem.csproj", "{0C24298A-A059-4BF1-B667-14FF2EF583FE}"
EndProject
Global
	GlobalSection(SolutionConfigurationPlatforms) = preSolution
		Debug|Any CPU = Debug|Any CPU
		Release|Any CPU = Release|Any CPU
	EndGlobalSection
	GlobalSection(ProjectConfigurationPlatforms) = postSolution
		{0C24298A-A059-4BF1-B667-14FF2EF583FE}.Debug|Any CPU.ActiveCfg = Debug|Any CPU
		{0C24298A-A059-4BF1-B667-14FF2EF583FE}.Debug|Any CPU.Build.0 = Debug|Any CPU
		{0C24298A-A059-4BF1-B667-14FF2EF583FE}.Release|Any CPU.ActiveCfg = Release|Any CPU
		{0C24298A-A059-4BF1-B667-14FF2EF583FE}.Release|Any CPU.Build.0 = Release|Any CPU
	EndGlobalSection
	GlobalSection(SolutionProperties) = preSolution
		HideSolutionNode = FALSE
	EndGlobalSection
	GlobalSection(ExtensibilityGlobals) = postSolution
		SolutionGuid = {3A8955AB-D186-4029-995A-B90E522791F2}
	EndGlobalSection
EndGlobal
